{
  "nodes": {
    "nixpkgs": {
      "locked": {
        "lastModified": 1768880924,
        "narHash": "sha256-14lhu1HthlwEQ5Cel8PK7WoAJAouwuJURBNDd9QkaKI=",
        "owner": "NixOS",
        "repo": "nixpkgs",
        "rev": "2e6a040586349f1600e13255e1ed9608f417cc4b",
        "type": "github"
      },
      "original": {
        "owner": "NixOS",
        "repo": "nixpkgs",
        "type": "github"
      }
    },
    "root": {
      "inputs": {
        "nixpkgs": "nixpkgs",
        "rust-overlay": "rust-overlay"
      }
    },
    "rust-overlay": {
      "inputs": {
        "nixpkgs": [
          "nixpkgs"
        ]
      },
      "locked": {
        "lastModified": 1768877311,
        "narHash": "sha256-abSDl0cNr0B+YCsIDpO1SjXD9JMxE4s8EFnhLEFVovI=",
        "owner": "oxalica",
        "repo": "rust-overlay",
        "rev": "59e4ab96304585fde3890025fd59bd2717985cc1",
        "type": "github"
      },
      "original": {
        "owner": "oxalica",
        "repo": "rust-overlay",
        "type": "github"
      }
    }
  },
  "root": "root",
  "version": 7
}
